{
  "name": "jeffcott-rent-graphql",
  "lockfileVersion": 2,
  "requires": true,
  "packages": {
    "": {
      "dependencies": {
        "@prisma/client": "^5.7.0"
      },
      "devDependencies": {
        "@grafbase/sdk": "^0.19.0"
      }
    },
    "node_modules/@grafbase/sdk": {
      "version": "0.19.0",
      "resolved": "https://registry.npmjs.org/@grafbase/sdk/-/sdk-0.19.0.tgz",
      "integrity": "sha512-VKFMyl5OGepLW15jakoYnh4Ubd6yWDMLTNJTYqNR8vtvEMur8fN7vbEcMx/RXggtvpd+ko/yADjRXS5t2DSVag==",
      "dev": true,
      "dependencies": {
        "dotenv": "^16.1.4",
        "type-fest": "^4.0.0"
      },
      "engines": {
        "node": ">=16.13.0"
      }
    },
    "node_modules/@prisma/client": {
      "version": "5.7.0",
      "resolved": "https://registry.npmjs.org/@prisma/client/-/client-5.7.0.tgz",
      "integrity": "sha512-cZmglCrfNbYpzUtz7HscVHl38e9CrUs31nrVoGUK1nIPXGgt8hT4jj2s657UXcNdQ/jBUxDgGmHyu2Nyrq1txg==",
      "hasInstallScript": true,
      "engines": {
        "node": ">=16.13"
      },
      "peerDependencies": {
        "prisma": "*"
      },
      "peerDependenciesMeta": {
        "prisma": {
          "optional": true
        }
      }
    },
    "node_modules/dotenv": {
      "version": "16.3.1",
      "resolved": "https://registry.npmjs.org/dotenv/-/dotenv-16.3.1.tgz",
      "integrity": "sha512-IPzF4w4/Rd94bA9imS68tZBaYyBWSCE47V1RGuMrB94iyTOIEwRmVL2x/4An+6mETpLrKJ5hQkB8W4kFAadeIQ==",
      "dev": true,
      "engines": {
        "node": ">=12"
      },
      "funding": {
        "url": "https://github.com/motdotla/dotenv?sponsor=1"
      }
    },
    "node_modules/type-fest": {
      "version": "4.14.0",
      "resolved": "https://registry.npmjs.org/type-fest/-/type-fest-4.14.0.tgz",
      "integrity": "sha512-on5/Cw89wwqGZQu+yWO0gGMGu8VNxsaW9SB2HE8yJjllEk7IDTwnSN1dUVldYILhYPN5HzD7WAaw2cc/jBfn0Q==",
      "dev": true,
      "engines": {
        "node": ">=16"
      },
      "funding": {
        "url": "https://github.com/sponsors/sindresorhus"
      }
    }
  },
  "dependencies": {
    "@grafbase/sdk": {
      "version": "0.19.0",
      "resolved": "https://registry.npmjs.org/@grafbase/sdk/-/sdk-0.19.0.tgz",
      "integrity": "sha512-VKFMyl5OGepLW15jakoYnh4Ubd6yWDMLTNJTYqNR8vtvEMur8fN7vbEcMx/RXggtvpd+ko/yADjRXS5t2DSVag==",
      "dev": true,
      "requires": {
        "dotenv": "^16.1.4",
        "type-fest": "^4.0.0"
      }
    },
    "@prisma/client": {
      "version": "5.7.0",
      "resolved": "https://registry.npmjs.org/@prisma/client/-/client-5.7.0.tgz",
      "integrity": "sha512-cZmglCrfNbYpzUtz7HscVHl38e9CrUs31nrVoGUK1nIPXGgt8hT4jj2s657UXcNdQ/jBUxDgGmHyu2Nyrq1txg==",
      "requires": {}
    },
    "dotenv": {
      "version": "16.3.1",
      "resolved": "https://registry.npmjs.org/dotenv/-/dotenv-16.3.1.tgz",
      "integrity": "sha512-IPzF4w4/Rd94bA9imS68tZBaYyBWSCE47V1RGuMrB94iyTOIEwRmVL2x/4An+6mETpLrKJ5hQkB8W4kFAadeIQ==",
      "dev": true
    },
    "type-fest": {
      "version": "4.14.0",
      "resolved": "https://registry.npmjs.org/type-fest/-/type-fest-4.14.0.tgz",
      "integrity": "sha512-on5/Cw89wwqGZQu+yWO0gGMGu8VNxsaW9SB2HE8yJjllEk7IDTwnSN1dUVldYILhYPN5HzD7WAaw2cc/jBfn0Q==",
      "dev": true
    }
  }
}
